dependencies:
  espressif/cmake_utilities:
    component_hash: 351350613ceafba240b761b4ea991e0f231ac7a9f59a9ee901f751bddc0bb18f
    dependencies:
    - name: idf
      require: private
      version: '>=4.1'
    source:
      registry_url: https://components.espressif.com
      type: service
    version: 0.5.3
  espressif/esp_lcd_st77916:
    component_hash: 5fa0f8b1274576d4484e2b8d9358e2a5d09c721511bef0dce6a55b4206b5f0e9
    dependencies:
    - name: espressif/cmake_utilities
      registry_url: https://components.espressif.com
      require: private
      version: 0.*
    - name: idf
      require: private
      version: '>5.0.4,!=5.1.1'
    source:
      registry_url: https://components.espressif.com/
      type: service
    version: 1.0.1
  idf:
    source:
      type: idf
    version: 5.3.2
direct_dependencies:
- espressif/esp_lcd_st77916
manifest_hash: 8234977a74e20931231ce99cf2f43d4e595670e9c2ac3da266e1cb57699d9b5a
target: esp32s3
version: 2.0.0
